// !$*UTF8*$!
{
	archiveVersion = 1;
	classes = {
	};
	objectVersion = 50;
	objects = {

/* Begin PBXBuildFile section */
		C268F2352361A08300E08DB0 /* AppDelegate.swift in Sources */ = {isa = PBXBuildFile; fileRef = C268F2342361A08300E08DB0 /* AppDelegate.swift */; };
		C268F2372361A08300E08DB0 /* SceneDelegate.swift in Sources */ = {isa = PBXBuildFile; fileRef = C268F2362361A08300E08DB0 /* SceneDelegate.swift */; };
		C268F23C2361A08300E08DB0 /* Main.storyboard in Resources */ = {isa = PBXBuildFile; fileRef = C268F23A2361A08300E08DB0 /* Main.storyboard */; };
		C268F23E2361A08400E08DB0 /* Assets.xcassets in Resources */ = {isa = PBXBuildFile; fileRef = C268F23D2361A08400E08DB0 /* Assets.xcassets */; };
		C268F2412361A08400E08DB0 /* LaunchScreen.storyboard in Resources */ = {isa = PBXBuildFile; fileRef = C268F23F2361A08400E08DB0 /* LaunchScreen.storyboard */; };
		C287D44C236BB6AA00F31C22 /* Data.swift in Sources */ = {isa = PBXBuildFile; fileRef = C287D44B236BB6AA00F31C22 /* Data.swift */; };
		C287D44E236BB6D800F31C22 /* DataModel.swift in Sources */ = {isa = PBXBuildFile; fileRef = C287D44D236BB6D800F31C22 /* DataModel.swift */; };
		C2957AF9236C55C80007FA96 /* TableViewController.swift in Sources */ = {isa = PBXBuildFile; fileRef = C2957AF8236C55C80007FA96 /* TableViewController.swift */; };
		C2957AFD236C5DB50007FA96 /* TableViewCell.swift in Sources */ = {isa = PBXBuildFile; fileRef = C2957AFB236C5DB50007FA96 /* TableViewCell.swift */; };
		C2957AFE236C5DB50007FA96 /* TableViewCell.xib in Resources */ = {isa = PBXBuildFile; fileRef = C2957AFC236C5DB50007FA96 /* TableViewCell.xib */; };
		C2C0902F25229445007202D4 /* PaddingLabel.swift in Sources */ = {isa = PBXBuildFile; fileRef = C2C0902E25229445007202D4 /* PaddingLabel.swift */; };
/* End PBXBuildFile section */

/* Begin PBXFileReference section */
		C268F2312361A08300E08DB0 /* ExpandableTableViewExample.app */ = {isa = PBXFileReference; explicitFileType = wrapper.application; includeInIndex = 0; path = ExpandableTableViewExample.app; sourceTree = BUILT_PRODUCTS_DIR; };
		C268F2342361A08300E08DB0 /* AppDelegate.swift */ = {isa = PBXFileReference; lastKnownFileType = sourcecode.swift; path = AppDelegate.swift; sourceTree = "<group>"; };
		C268F2362361A08300E08DB0 /* SceneDelegate.swift */ = {isa = PBXFileReference; lastKnownFileType = sourcecode.swift; path = SceneDelegate.swift; sourceTree = "<group>"; };
		C268F23B2361A08300E08DB0 /* Base */ = {isa = PBXFileReference; lastKnownFileType = file.storyboard; name = Base; path = Base.lproj/Main.storyboard; sourceTree = "<group>"; };
		C268F23D2361A08400E08DB0 /* Assets.xcassets */ = {isa = PBXFileReference; lastKnownFileType = folder.assetcatalog; path = Assets.xcassets; sourceTree = "<group>"; };
		C268F2402361A08400E08DB0 /* Base */ = {isa = PBXFileReference; lastKnownFileType = file.storyboard; name = Base; path = Base.lproj/LaunchScreen.storyboard; sourceTree = "<group>"; };
		C268F2422361A08400E08DB0 /* Info.plist */ = {isa = PBXFileReference; lastKnownFileType = text.plist.xml; path = Info.plist; sourceTree = "<group>"; };
		C287D44B236BB6AA00F31C22 /* Data.swift */ = {isa = PBXFileReference; lastKnownFileType = sourcecode.swift; path = Data.swift; sourceTree = "<group>"; };
		C287D44D236BB6D800F31C22 /* DataModel.swift */ = {isa = PBXFileReference; lastKnownFileType = sourcecode.swift; path = DataModel.swift; sourceTree = "<group>"; };
		C2957AF8236C55C80007FA96 /* TableViewController.swift */ = {isa = PBXFileReference; lastKnownFileType = sourcecode.swift; path = TableViewController.swift; sourceTree = "<group>"; };
		C2957AFB236C5DB50007FA96 /* TableViewCell.swift */ = {isa = PBXFileReference; lastKnownFileType = sourcecode.swift; path = TableViewCell.swift; sourceTree = "<group>"; };
		C2957AFC236C5DB50007FA96 /* TableViewCell.xib */ = {isa = PBXFileReference; lastKnownFileType = file.xib; path = TableViewCell.xib; sourceTree = "<group>"; };
		C2C0902E25229445007202D4 /* PaddingLabel.swift */ = {isa = PBXFileReference; lastKnownFileType = sourcecode.swift; path = PaddingLabel.swift; sourceTree = "<group>"; };
/* End PBXFileReference section */

/* Begin PBXFrameworksBuildPhase section */
		C268F22E2361A08300E08DB0 /* Frameworks */ = {
			isa = PBXFrameworksBuildPhase;
			buildActionMask = 2147483647;
			files = (
			);
			runOnlyForDeploymentPostprocessing = 0;
		};
/* End PBXFrameworksBuildPhase section */

/* Begin PBXGroup section */
		C268F2282361A08300E08DB0 = {
			isa = PBXGroup;
			children = (
				C268F2332361A08300E08DB0 /* ExpandableTableViewExample */,
				C268F2322361A08300E08DB0 /* Products */,
			);
			sourceTree = "<group>";
		};
		C268F2322361A08300E08DB0 /* Products */ = {
			isa = PBXGroup;
			children = (
				C268F2312361A08300E08DB0 /* ExpandableTableViewExample.app */,
			);
			name = Products;
			sourceTree = "<group>";
		};
		C268F2332361A08300E08DB0 /* ExpandableTableViewExample */ = {
			isa = PBXGroup;
			children = (
				C2C0902E25229445007202D4 /* PaddingLabel.swift */,
				C268F2342361A08300E08DB0 /* AppDelegate.swift */,
				C268F2362361A08300E08DB0 /* SceneDelegate.swift */,
				C268F23D2361A08400E08DB0 /* Assets.xcassets */,
				C268F23F2361A08400E08DB0 /* LaunchScreen.storyboard */,
				C268F2422361A08400E08DB0 /* Info.plist */,
				C287D44B236BB6AA00F31C22 /* Data.swift */,
				C287D44D236BB6D800F31C22 /* DataModel.swift */,
				C268F23A2361A08300E08DB0 /* Main.storyboard */,
				C2957AF8236C55C80007FA96 /* TableViewController.swift */,
				C2957AFB236C5DB50007FA96 /* TableViewCell.swift */,
				C2957AFC236C5DB50007FA96 /* TableViewCell.xib */,
			);
			path = ExpandableTableViewExample;
			sourceTree = "<group>";
		};
/* End PBXGroup section */

/* Begin PBXNativeTarget section */
		C268F2302361A08300E08DB0 /* ExpandableTableViewExample */ = {
			isa = PBXNativeTarget;
			buildConfigurationList = C268F2452361A08400E08DB0 /* Build configuration list for PBXNativeTarget "ExpandableTableViewExample" */;
			buildPhases = (
				C268F22D2361A08300E08DB0 /* Sources */,
				C268F22E2361A08300E08DB0 /* Frameworks */,
				C268F22F2361A08300E08DB0 /* Resources */,
			);
			buildRules = (
			);
			dependencies = (
			);
			name = ExpandableTableViewExample;
			productName = ExpandableTableViewExample;
			productReference = C268F2312361A08300E08DB0 /* ExpandableTableViewExample.app */;
			productType = "com.apple.product-type.application";
		};
/* End PBXNativeTarget section */

/* Begin PBXProject section */
		C268F2292361A08300E08DB0 /* Project object */ = {
			isa = PBXProject;
			attributes = {
				LastSwiftUpdateCheck = 1120;
				LastUpgradeCheck = 1200;
				ORGANIZATIONNAME = "John Codeos";
				TargetAttributes = {
					C268F2302361A08300E08DB0 = {
						CreatedOnToolsVersion = 11.2;
					};
				};
			};
			buildConfigurationList = C268F22C2361A08300E08DB0 /* Build configuration list for PBXProject "ExpandableTableViewExample" */;
			compatibilityVersion = "Xcode 9.3";
			developmentRegion = en;
			hasScannedForEncodings = 0;
			knownRegions = (
				en,
				Base,
			);
			mainGroup = C268F2282361A08300E08DB0;
			productRefGroup = C268F2322361A08300E08DB0 /* Products */;
			projectDirPath = "";
			projectRoot = "";
			targets = (
				C268F2302361A08300E08DB0 /* ExpandableTableViewExample */,
			);
		};
/* End PBXProject section */

/* Begin PBXResourcesBuildPhase section */
		C268F22F2361A08300E08DB0 /* Resources */ = {
			isa = PBXResourcesBuildPhase;
			buildActionMask = 2147483647;
			files = (
				C268F2412361A08400E08DB0 /* LaunchScreen.storyboard in Resources */,
				C2957AFE236C5DB50007FA96 /* TableViewCell.xib in Resources */,
				C268F23E2361A08400E08DB0 /* Assets.xcassets in Resources */,
				C268F23C2361A08300E08DB0 /* Main.storyboard in Resources */,
			);
			runOnlyForDeploymentPostprocessing = 0;
		};
/* End PBXResourcesBuildPhase section */

/* Begin PBXSourcesBuildPhase section */
		C268F22D2361A08300E08DB0 /* Sources */ = {
			isa = PBXSourcesBuildPhase;
			buildActionMask = 2147483647;
			files = (
				C287D44E236BB6D800F31C22 /* DataModel.swift in Sources */,
				C2C0902F25229445007202D4 /* PaddingLabel.swift in Sources */,
				C268F2352361A08300E08DB0 /* AppDelegate.swift in Sources */,
				C268F2372361A08300E08DB0 /* SceneDelegate.swift in Sources */,
				C2957AFD236C5DB50007FA96 /* TableViewCell.swift in Sources */,
				C2957AF9236C55C80007FA96 /* TableViewController.swift in Sources */,
				C287D44C236BB6AA00F31C22 /* Data.swift in Sources */,
			);
			runOnlyForDeploymentPostprocessing = 0;
		};
/* End PBXSourcesBuildPhase section */

/* Begin PBXVariantGroup section */
		C268F23A2361A08300E08DB0 /* Main.storyboard */ = {
			isa = PBXVariantGroup;
			children = (
				C268F23B2361A08300E08DB0 /* Base */,
			);
			name = Main.storyboard;
			sourceTree = "<group>";
		};
		C268F23F2361A08400E08DB0 /* LaunchScreen.storyboard */ = {
			isa = PBXVariantGroup;
			children = (
				C268F2402361A08400E08DB0 /* Base */,
			);
			name = LaunchScreen.storyboard;
			sourceTree = "<group>";
		};
/* End PBXVariantGroup section */

/* Begin XCBuildConfiguration section */
		C268F2432361A08400E08DB0 /* Debug */ = {
			isa = XCBuildConfiguration;
			buildSettings = {
				ALWAYS_SEARCH_USER_PATHS = NO;
				CLANG_ANALYZER_NONNULL = YES;
				CLANG_ANALYZER_NUMBER_OBJECT_CONVERSION = YES_AGGRESSIVE;
				CLANG_CXX_LANGUAGE_STANDARD = "gnu++14";
				CLANG_CXX_LIBRARY = "libc++";
				CLANG_ENABLE_MODULES = YES;
				CLANG_ENABLE_OBJC_ARC = YES;
				CLANG_ENABLE_OBJC_WEAK = YES;
				CLANG_WARN_BLOCK_CAPTURE_AUTORELEASING = YES;
				CLANG_WARN_BOOL_CONVERSION = YES;
				CLANG_WARN_COMMA = YES;
				CLANG_WARN_CONSTANT_CONVERSION = YES;
				CLANG_WARN_DEPRECATED_OBJC_IMPLEMENTATIONS = YES;
				CLANG_WARN_DIRECT_OBJC_ISA_USAGE = YES_ERROR;
				CLANG_WARN_DOCUMENTATION_COMMENTS = YES;
				CLANG_WARN_EMPTY_BODY = YES;
				CLANG_WARN_ENUM_CONVERSION = YES;
				CLANG_WARN_INFINITE_RECURSION = YES;
				CLANG_WARN_INT_CONVERSION = YES;
				CLANG_WARN_NON_LITERAL_NULL_CONVERSION = YES;
				CLANG_WARN_OBJC_IMPLICIT_RETAIN_SELF = YES;
				CLANG_WARN_OBJC_LITERAL_CONVERSION = YES;
				CLANG_WARN_OBJC_ROOT_CLASS = YES_ERROR;
				CLANG_WARN_QUOTED_INCLUDE_IN_FRAMEWORK_HEADER = YES;
				CLANG_WARN_RANGE_LOOP_ANALYSIS = YES;
				CLANG_WARN_STRICT_PROTOTYPES = YES;
				CLANG_WARN_SUSPICIOUS_MOVE = YES;
				CLANG_WARN_UNGUARDED_AVAILABILITY = YES_AGGRESSIVE;
				CLANG_WARN_UNREACHABLE_CODE = YES;
				CLANG_WARN__DUPLICATE_METHOD_MATCH = YES;
				COPY_PHASE_STRIP = NO;
				DEBUG_INFORMATION_FORMAT = dwarf;
				ENABLE_STRICT_OBJC_MSGSEND = YES;
				ENABLE_TESTABILITY = YES;
				GCC_C_LANGUAGE_STANDARD = gnu11;
				GCC_DYNAMIC_NO_PIC = NO;
				GCC_NO_COMMON_BLOCKS = YES;
				GCC_OPTIMIZATION_LEVEL = 0;
				GCC_PREPROCESSOR_DEFINITIONS = (
					"DEBUG=1",
					"$(inherited)",
				);
				GCC_WARN_64_TO_32_BIT_CONVERSION = YES;
				GCC_WARN_ABOUT_RETURN_TYPE = YES_ERROR;
				GCC_WARN_UNDECLARED_SELECTOR = YES;
				GCC_WARN_UNINITIALIZED_AUTOS = YES_AGGRESSIVE;
				GCC_WARN_UNUSED_FUNCTION = YES;
				GCC_WARN_UNUSED_VARIABLE = YES;
				IPHONEOS_DEPLOYMENT_TARGET = 14.0;
				MTL_ENABLE_DEBUG_INFO = INCLUDE_SOURCE;
				MTL_FAST_MATH = YES;
				ONLY_ACTIVE_ARCH = YES;
				SDKROOT = iphoneos;
				SWIFT_ACTIVE_COMPILATION_CONDITIONS = DEBUG;
				SWIFT_OPTIMIZATION_LEVEL = "-Onone";
			};
			name = Debug;
		};
		C268F2442361A08400E08DB0 /* Release */ = {
			isa = XCBuildConfiguration;
			buildSettings = {
				ALWAYS_SEARCH_USER_PATHS = NO;
				CLANG_ANALYZER_NONNULL = YES;
				CLANG_ANALYZER_NUMBER_OBJECT_CONVERSION = YES_AGGRESSIVE;
				CLANG_CXX_LANGUAGE_STANDARD = "gnu++14";
				CLANG_CXX_LIBRARY = "libc++";
				CLANG_ENABLE_MODULES = YES;
				CLANG_ENABLE_OBJC_ARC = YES;
				CLANG_ENABLE_OBJC_WEAK = YES;
				CLANG_WARN_BLOCK_CAPTURE_AUTORELEASING = YES;
				CLANG_WARN_BOOL_CONVERSION = YES;
				CLANG_WARN_COMMA = YES;
				CLANG_WARN_CONSTANT_CONVERSION = YES;
				CLANG_WARN_DEPRECATED_OBJC_IMPLEMENTATIONS = YES;
				CLANG_WARN_DIRECT_OBJC_ISA_USAGE = YES_ERROR;
				CLANG_WARN_DOCUMENTATION_COMMENTS = YES;
				CLANG_WARN_EMPTY_BODY = YES;
				CLANG_WARN_ENUM_CONVERSION = YES;
				CLANG_WARN_INFINITE_RECURSION = YES;
				CLANG_WARN_INT_CONVERSION = YES;
				CLANG_WARN_NON_LITERAL_NULL_CONVERSION = YES;
				CLANG_WARN_OBJC_IMPLICIT_RETAIN_SELF = YES;
				CLANG_WARN_OBJC_LITERAL_CONVERSION = YES;
				CLANG_WARN_OBJC_ROOT_CLASS = YES_ERROR;
				CLANG_WARN_QUOTED_INCLUDE_IN_FRAMEWORK_HEADER = YES;
				CLANG_WARN_RANGE_LOOP_ANALYSIS = YES;
				CLANG_WARN_STRICT_PROTOTYPES = YES;
				CLANG_WARN_SUSPICIOUS_MOVE = YES;
				CLANG_WARN_UNGUARDED_AVAILABILITY = YES_AGGRESSIVE;
				CLANG_WARN_UNREACHABLE_CODE = YES;
				CLANG_WARN__DUPLICATE_METHOD_MATCH = YES;
				COPY_PHASE_STRIP = NO;
				DEBUG_INFORMATION_FORMAT = "dwarf-with-dsym";
				ENABLE_NS_ASSERTIONS = NO;
				ENABLE_STRICT_OBJC_MSGSEND = YES;
				GCC_C_LANGUAGE_STANDARD = gnu11;
				GCC_NO_COMMON_BLOCKS = YES;
				GCC_WARN_64_TO_32_BIT_CONVERSION = YES;
				GCC_WARN_ABOUT_RETURN_TYPE = YES_ERROR;
				GCC_WARN_UNDECLARED_SELECTOR = YES;
				GCC_WARN_UNINITIALIZED_AUTOS = YES_AGGRESSIVE;
				GCC_WARN_UNUSED_FUNCTION = YES;
				GCC_WARN_UNUSED_VARIABLE = YES;
				IPHONEOS_DEPLOYMENT_TARGET = 14.0;
				MTL_ENABLE_DEBUG_INFO = NO;
				MTL_FAST_MATH = YES;
				SDKROOT = iphoneos;
				SWIFT_COMPILATION_MODE = wholemodule;
				SWIFT_OPTIMIZATION_LEVEL = "-O";
				VALIDATE_PRODUCT = YES;
			};
			name = Release;
		};
		C268F2462361A08400E08DB0 /* Debug */ = {
			isa = XCBuildConfiguration;
			buildSettings = {
				ASSETCATALOG_COMPILER_APPICON_NAME = AppIcon;
				CODE_SIGN_STYLE = Automatic;
				DEVELOPMENT_TEAM = 6P8Q9Q6J62;
				INFOPLIST_FILE = ExpandableTableViewExample/Info.plist;
				IPHONEOS_DEPLOYMENT_TARGET = 14.0;
				LD_RUNPATH_SEARCH_PATHS = (
					"$(inherited)",
					"@executable_path/Frameworks",
				);
				PRODUCT_BUNDLE_IDENTIFIER = com.example.ExpandableTableViewExample;
				PRODUCT_NAME = "$(TARGET_NAME)";
				SWIFT_VERSION = 5.0;
				TARGETED_DEVICE_FAMILY = "1,2";
			};
			name = Debug;
		};
		C268F2472361A08400E08DB0 /* Release */ = {
			isa = XCBuildConfiguration;
			buildSettings = {
				ASSETCATALOG_COMPILER_APPICON_NAME = AppIcon;
				CODE_SIGN_STYLE = Automatic;
				DEVELOPMENT_TEAM = 6P8Q9Q6J62;
				INFOPLIST_FILE = ExpandableTableViewExample/Info.plist;
				IPHONEOS_DEPLOYMENT_TARGET = 14.0;
				LD_RUNPATH_SEARCH_PATHS = (
					"$(inherited)",
					"@executable_path/Frameworks",
				);
				PRODUCT_BUNDLE_IDENTIFIER = com.example.ExpandableTableViewExample;
				PRODUCT_NAME = "$(TARGET_NAME)";
				SWIFT_VERSION = 5.0;
				TARGETED_DEVICE_FAMILY = "1,2";
			};
			name = Release;
		};
/* End XCBuildConfiguration section */

/* Begin XCConfigurationList section */
		C268F22C2361A08300E08DB0 /* Build configuration list for PBXProject "ExpandableTableViewExample" */ = {
			isa = XCConfigurationList;
			buildConfigurations = (
				C268F2432361A08400E08DB0 /* Debug */,
				C268F2442361A08400E08DB0 /* Release */,
			);
			defaultConfigurationIsVisible = 0;
			defaultConfigurationName = Release;
		};
		C268F2452361A08400E08DB0 /* Build configuration list for PBXNativeTarget "ExpandableTableViewExample" */ = {
			isa = XCConfigurationList;
			buildConfigurations = (
				C268F2462361A08400E08DB0 /* Debug */,
				C268F2472361A08400E08DB0 /* Release */,
			);
			defaultConfigurationIsVisible = 0;
			defaultConfigurationName = Release;
		};
/* End XCConfigurationList section */
	};
	rootObject = C268F2292361A08300E08DB0 /* Project object */;
}
